<Solution>
  <Project Path="HttpAndMore/HttpAndMore.csproj" />
  <Project Path="HttpAndMoreAspire.AppHost/HttpAndMoreAspire.AppHost.csproj" />
  <Project Path="HttpAndMoreAspire.ServiceDefaults/HttpAndMoreAspire.ServiceDefaults.csproj" />
  <Project Path="PaymentService/PaymentService.csproj" />
</Solution>
